<?xml version="1.0" encoding="utf-8"?>
<Project ToolsVersion="4.0" xmlns="http://schemas.microsoft.com/developer/msbuild/2003">
  <ItemGroup>
    <Filter Include="Source Files">
      <UniqueIdentifier>{4FC737F1-C7A5-4376-A066-2A32D752A2FF}</UniqueIdentifier>
      <Extensions>cpp;c;cc;cxx;def;odl;idl;hpj;bat;asm;asmx</Extensions>
    </Filter>
    <Filter Include="Header Files">
      <UniqueIdentifier>{93995380-89BD-4b04-88EB-625FBE52EBFB}</UniqueIdentifier>
      <Extensions>h;hh;hpp;hxx;hm;inl;inc;xsd</Extensions>
    </Filter>
    <Filter Include="Resource Files">
      <UniqueIdentifier>{67DA6AB6-F800-4c08-8B7A-83BB121AAD01}</UniqueIdentifier>
      <Extensions>rc;ico;cur;bmp;dlg;rc2;rct;bin;rgs;gif;jpg;jpeg;jpe;resx;tiff;tif;png;wav;mfcribbon-ms</Extensions>
    </Filter>
    <Filter Include="Header Files\Abstract">
      <UniqueIdentifier>{4f7937d0-b605-43d7-800d-77c092d40af0}</UniqueIdentifier>
    </Filter>
    <Filter Include="Header Files\Base">
      <UniqueIdentifier>{dac3bee3-6a16-4343-aa48-2eb8a73adc77}</UniqueIdentifier>
    </Filter>
    <Filter Include="Header Files\Ciphers">
      <UniqueIdentifier>{13d8a062-7ffe-45f9-a11f-b737cad0834b}</UniqueIdentifier>
    </Filter>
  </ItemGroup>
  <ItemGroup>
    <ClCompile Include="main.cpp">
      <Filter>Source Files</Filter>
    </ClCompile>
    <ClCompile Include="StdOutput.cpp">
      <Filter>Source Files</Filter>
    </ClCompile>
    <ClCompile Include="Gaderypoluki.cpp">
      <Filter>Source Files</Filter>
    </ClCompile>
    <ClCompile Include="Ciphers\WhiteRemove.cpp">
      <Filter>Source Files</Filter>
    </ClCompile>
    <ClCompile Include="Base\Key.cpp">
      <Filter>Source Files</Filter>
    </ClCompile>
    <ClCompile Include="MathAlphabet.cpp">
      <Filter>Source Files</Filter>
    </ClCompile>
    <ClCompile Include="FileOutput.cpp">
      <Filter>Source Files</Filter>
    </ClCompile>
  </ItemGroup>
  <ItemGroup>
    <ClInclude Include="Abstract\Cipher.h">
      <Filter>Header Files\Abstract</Filter>
    </ClInclude>
    <ClInclude Include="Abstract\Input.h">
      <Filter>Header Files\Abstract</Filter>
    </ClInclude>
    <ClInclude Include="Abstract\Output.h">
      <Filter>Header Files\Abstract</Filter>
    </ClInclude>
    <ClInclude Include="Base\Key.h">
      <Filter>Header Files\Base</Filter>
    </ClInclude>
    <ClInclude Include="Base\KeyReader.h">
      <Filter>Header Files\Base</Filter>
    </ClInclude>
    <ClInclude Include="Base\Message.h">
      <Filter>Header Files\Base</Filter>
    </ClInclude>
    <ClInclude Include="Base\Iterator.h">
      <Filter>Header Files\Base</Filter>
    </ClInclude>
    <ClInclude Include="Base\Iterable.h">
      <Filter>Header Files\Base</Filter>
    </ClInclude>
    <ClInclude Include="Base\CipherLocator.h">
      <Filter>Header Files\Base</Filter>
    </ClInclude>
    <ClInclude Include="StdOutput.h">
      <Filter>Header Files</Filter>
    </ClInclude>
    <ClInclude Include="Ciphers\Gaderypoluki.h">
      <Filter>Header Files\Ciphers</Filter>
    </ClInclude>
    <ClInclude Include="Ciphers\Armor.h">
      <Filter>Header Files\Ciphers</Filter>
    </ClInclude>
    <ClInclude Include="Ciphers\RotN.h">
      <Filter>Header Files\Ciphers</Filter>
    </ClInclude>
    <ClInclude Include="Ciphers\WhiteRemove.h">
      <Filter>Header Files\Ciphers</Filter>
    </ClInclude>
    <ClInclude Include="MathAlphabet.h">
      <Filter>Header Files\Ciphers</Filter>
    </ClInclude>
    <ClInclude Include="FileOutput.h">
      <Filter>Header Files</Filter>
    </ClInclude>
  </ItemGroup>
</Project>